
Microsoft Visual Studio Solution File, Format Version 12.00
# Visual Studio 2013
VisualStudioVersion = 12.0.40629.0
MinimumVisualStudioVersion = 10.0.40219.1
Project("{FAE04EC0-301F-11D3-BF4B-00C04F79EFBC}") = "Mesh Network", "Mesh Network\Mesh Network.csproj", "{BC05085E-14C4-4E1E-80BA-B9DA5B9617BE}"
EndProject
Global
	GlobalSection(SolutionConfigurationPlatforms) = preSolution
		Debug|Any CPU = Debug|Any CPU
		Release|Any CPU = Release|Any CPU
	EndGlobalSection
	GlobalSection(ProjectConfigurationPlatforms) = postSolution
		{BC05085E-14C4-4E1E-80BA-B9DA5B9617BE}.Debug|Any CPU.ActiveCfg = Debug|Any CPU
		{BC05085E-14C4-4E1E-80BA-B9DA5B9617BE}.Debug|Any CPU.Build.0 = Debug|Any CPU
		{BC05085E-14C4-4E1E-80BA-B9DA5B9617BE}.Release|Any CPU.ActiveCfg = Release|Any CPU
		{BC05085E-14C4-4E1E-80BA-B9DA5B9617BE}.Release|Any CPU.Build.0 = Release|Any CPU
	EndGlobalSection
	GlobalSection(SolutionProperties) = preSolution
		HideSolutionNode = FALSE
	EndGlobalSection
EndGlobal
